
Microsoft Visual Studio Solution File, Format Version 12.00
# Visual Studio Version 17
VisualStudioVersion = 17.14.36603.0 d17.14
MinimumVisualStudioVersion = 10.0.40219.1
Project("{FAE04EC0-301F-11D3-BF4B-00C04F79EFBC}") = "ApiGateway.Presintaion", "ApiGateway.Presintaion\ApiGateway.Presintaion.csproj", "{3DB77E36-CBF1-4A01-9E9B-D76C903BAE69}"
EndProject
Project("{FAE04EC0-301F-11D3-BF4B-00C04F79EFBC}") = "EcommerceSharedLibrary", "..\Demo_E-commerce\EcommerceSharedLibrary\EcommerceSharedLibrary.csproj", "{4DF5C9A7-8DF7-D0CE-4F34-3099ECEBC939}"
EndProject
Global
	GlobalSection(SolutionConfigurationPlatforms) = preSolution
		Debug|Any CPU = Debug|Any CPU
		Release|Any CPU = Release|Any CPU
	EndGlobalSection
	GlobalSection(ProjectConfigurationPlatforms) = postSolution
		{3DB77E36-CBF1-4A01-9E9B-D76C903BAE69}.Debug|Any CPU.ActiveCfg = Debug|Any CPU
		{3DB77E36-CBF1-4A01-9E9B-D76C903BAE69}.Debug|Any CPU.Build.0 = Debug|Any CPU
		{3DB77E36-CBF1-4A01-9E9B-D76C903BAE69}.Release|Any CPU.ActiveCfg = Release|Any CPU
		{3DB77E36-CBF1-4A01-9E9B-D76C903BAE69}.Release|Any CPU.Build.0 = Release|Any CPU
		{4DF5C9A7-8DF7-D0CE-4F34-3099ECEBC939}.Debug|Any CPU.ActiveCfg = Debug|Any CPU
		{4DF5C9A7-8DF7-D0CE-4F34-3099ECEBC939}.Debug|Any CPU.Build.0 = Debug|Any CPU
		{4DF5C9A7-8DF7-D0CE-4F34-3099ECEBC939}.Release|Any CPU.ActiveCfg = Release|Any CPU
		{4DF5C9A7-8DF7-D0CE-4F34-3099ECEBC939}.Release|Any CPU.Build.0 = Release|Any CPU
	EndGlobalSection
	GlobalSection(SolutionProperties) = preSolution
		HideSolutionNode = FALSE
	EndGlobalSection
	GlobalSection(ExtensibilityGlobals) = postSolution
		SolutionGuid = {BFED36FB-737B-4B07-9A33-C3BFB72C6413}
	EndGlobalSection
EndGlobal
